
Microsoft Visual Studio Solution File, Format Version 12.00
# Visual Studio Version 17
VisualStudioVersion = 17.7.34302.85
MinimumVisualStudioVersion = 10.0.40219.1
Project("{9A19103F-16F7-4668-BE54-9A1E7A4F7556}") = "ScanHttpServer", "ScanHttpServer.csproj", "{2774BC3E-CCE5-4C38-98AC-E6ABFEA82241}"
EndProject
Project("{9A19103F-16F7-4668-BE54-9A1E7A4F7556}") = "FileTransferService.Core", "..\FileTransferService.Core\FileTransferService.Core.csproj", "{876EBC18-C3BC-4AF2-A002-60501FA989F3}"
EndProject
Global
	GlobalSection(SolutionConfigurationPlatforms) = preSolution
		Debug|Any CPU = Debug|Any CPU
		Release|Any CPU = Release|Any CPU
	EndGlobalSection
	GlobalSection(ProjectConfigurationPlatforms) = postSolution
		{2774BC3E-CCE5-4C38-98AC-E6ABFEA82241}.Debug|Any CPU.ActiveCfg = Debug|Any CPU
		{2774BC3E-CCE5-4C38-98AC-E6ABFEA82241}.Debug|Any CPU.Build.0 = Debug|Any CPU
		{2774BC3E-CCE5-4C38-98AC-E6ABFEA82241}.Release|Any CPU.ActiveCfg = Release|Any CPU
		{2774BC3E-CCE5-4C38-98AC-E6ABFEA82241}.Release|Any CPU.Build.0 = Release|Any CPU
		{876EBC18-C3BC-4AF2-A002-60501FA989F3}.Debug|Any CPU.ActiveCfg = Debug|Any CPU
		{876EBC18-C3BC-4AF2-A002-60501FA989F3}.Debug|Any CPU.Build.0 = Debug|Any CPU
		{876EBC18-C3BC-4AF2-A002-60501FA989F3}.Release|Any CPU.ActiveCfg = Release|Any CPU
		{876EBC18-C3BC-4AF2-A002-60501FA989F3}.Release|Any CPU.Build.0 = Release|Any CPU
	EndGlobalSection
	GlobalSection(SolutionProperties) = preSolution
		HideSolutionNode = FALSE
	EndGlobalSection
	GlobalSection(ExtensibilityGlobals) = postSolution
		SolutionGuid = {4928CC2D-1644-48B3-B223-F926BE65481E}
	EndGlobalSection
EndGlobal
